
Microsoft Visual Studio Solution File, Format Version 12.00
Project("{FAE04EC0-301F-11D3-BF4B-00C04F79EFBC}") = "pact", "pact\pact.csproj", "{70B59E50-D8F5-41F1-BD62-3A98B5E80469}"
EndProject
Global
	GlobalSection(SolutionConfigurationPlatforms) = preSolution
		Debug|Any CPU = Debug|Any CPU
		Release|Any CPU = Release|Any CPU
	EndGlobalSection
	GlobalSection(ProjectConfigurationPlatforms) = postSolution
		{70B59E50-D8F5-41F1-BD62-3A98B5E80469}.Debug|Any CPU.ActiveCfg = Debug|Any CPU
		{70B59E50-D8F5-41F1-BD62-3A98B5E80469}.Debug|Any CPU.Build.0 = Debug|Any CPU
		{70B59E50-D8F5-41F1-BD62-3A98B5E80469}.Release|Any CPU.ActiveCfg = Release|Any CPU
		{70B59E50-D8F5-41F1-BD62-3A98B5E80469}.Release|Any CPU.Build.0 = Release|Any CPU
	EndGlobalSection
EndGlobal
